
Microsoft Visual Studio Solution File, Format Version 12.00
# Visual Studio 15
VisualStudioVersion = 15.0.27428.2002
MinimumVisualStudioVersion = 10.0.40219.1
Project("{FAE04EC0-301F-11D3-BF4B-00C04F79EFBC}") = "ConsoleApp1", "ConsoleApp1\ConsoleApp1.csproj", "{1B97CC80-C905-45E1-90EB-EF682829D6FC}"
EndProject
Project("{FAE04EC0-301F-11D3-BF4B-00C04F79EFBC}") = "ConsoleApp2", "ConsoleApp2\ConsoleApp2.csproj", "{825EA643-300B-4943-BE18-ACBE31018FC5}"
EndProject
Project("{FAE04EC0-301F-11D3-BF4B-00C04F79EFBC}") = "testStatic", "testStatic\testStatic.csproj", "{63120457-E7B1-4662-A5DE-776B7ACAB4D9}"
EndProject
Project("{FAE04EC0-301F-11D3-BF4B-00C04F79EFBC}") = "testBoxingUnboxing", "testBoxingUnboxing\testBoxingUnboxing.csproj", "{DA3E89B1-BCEF-4910-91FC-FD87836E31D9}"
EndProject
Project("{FAE04EC0-301F-11D3-BF4B-00C04F79EFBC}") = "getSet", "getSet\getSet.csproj", "{97B370E5-06D8-4CB1-BC05-E0D75692591C}"
EndProject
Project("{FAE04EC0-301F-11D3-BF4B-00C04F79EFBC}") = "Inheritance", "Inheritance\Inheritance.csproj", "{285A455C-3657-4A62-889D-823F9BDC942D}"
EndProject
Project("{FAE04EC0-301F-11D3-BF4B-00C04F79EFBC}") = "testProtected", "testProtected\testProtected.csproj", "{721BE9B2-7EF0-4166-B44A-248ED428B799}"
EndProject
Project("{FAE04EC0-301F-11D3-BF4B-00C04F79EFBC}") = "Polymorphism", "Polymorphism\Polymorphism.csproj", "{7E3EF4FF-2B9B-4591-9FFF-D6556E471431}"
EndProject
Project("{FAE04EC0-301F-11D3-BF4B-00C04F79EFBC}") = "objectToString", "objectToString\objectToString.csproj", "{E8543916-08AE-4543-8F8D-4E374A7E15FB}"
EndProject
Project("{FAE04EC0-301F-11D3-BF4B-00C04F79EFBC}") = "testAbstructClass", "testAbstructClass\testAbstructClass.csproj", "{71669864-48B0-433C-B157-3380DCE4F276}"
EndProject
Project("{FAE04EC0-301F-11D3-BF4B-00C04F79EFBC}") = "testAbstruct_2_Enum", "testAbstruct_2_Enum\testAbstruct_2_Enum.csproj", "{F2609602-AC69-46D5-80A7-1BA49E2F1D6B}"
EndProject
Project("{FAE04EC0-301F-11D3-BF4B-00C04F79EFBC}") = "testForeach", "testForeach\testForeach.csproj", "{7DB64E4D-1DB4-4ECB-A4BC-B27D6F0C1A9C}"
EndProject
Project("{FAE04EC0-301F-11D3-BF4B-00C04F79EFBC}") = "testInterface", "testInterface\testInterface.csproj", "{ECA1A211-3D96-452C-B93F-1300EFA15E73}"
EndProject
Project("{FAE04EC0-301F-11D3-BF4B-00C04F79EFBC}") = "testIComparable", "testIComparable\testIComparable.csproj", "{562F0F56-B52E-430C-A386-46F29F2CD059}"
EndProject
Project("{FAE04EC0-301F-11D3-BF4B-00C04F79EFBC}") = "testGenerics", "testGenerics\testGenerics.csproj", "{88B37E63-C259-454A-9B5D-FBFB588A77C1}"
EndProject
Project("{FAE04EC0-301F-11D3-BF4B-00C04F79EFBC}") = "testGenerics_2", "testGenerics_2\testGenerics_2.csproj", "{4ED738A5-7A80-4D84-98F5-94520936A7B4}"
EndProject
Project("{FAE04EC0-301F-11D3-BF4B-00C04F79EFBC}") = "testGenerics_3", "testGenerics_3\testGenerics_3.csproj", "{51B98B0C-296F-4AD0-BD1C-AFDD119FC4DF}"
EndProject
Global
	GlobalSection(SolutionConfigurationPlatforms) = preSolution
		Debug|Any CPU = Debug|Any CPU
		Release|Any CPU = Release|Any CPU
	EndGlobalSection
	GlobalSection(ProjectConfigurationPlatforms) = postSolution
		{1B97CC80-C905-45E1-90EB-EF682829D6FC}.Debug|Any CPU.ActiveCfg = Debug|Any CPU
		{1B97CC80-C905-45E1-90EB-EF682829D6FC}.Debug|Any CPU.Build.0 = Debug|Any CPU
		{1B97CC80-C905-45E1-90EB-EF682829D6FC}.Release|Any CPU.ActiveCfg = Release|Any CPU
		{1B97CC80-C905-45E1-90EB-EF682829D6FC}.Release|Any CPU.Build.0 = Release|Any CPU
		{825EA643-300B-4943-BE18-ACBE31018FC5}.Debug|Any CPU.ActiveCfg = Debug|Any CPU
		{825EA643-300B-4943-BE18-ACBE31018FC5}.Debug|Any CPU.Build.0 = Debug|Any CPU
		{825EA643-300B-4943-BE18-ACBE31018FC5}.Release|Any CPU.ActiveCfg = Release|Any CPU
		{825EA643-300B-4943-BE18-ACBE31018FC5}.Release|Any CPU.Build.0 = Release|Any CPU
		{63120457-E7B1-4662-A5DE-776B7ACAB4D9}.Debug|Any CPU.ActiveCfg = Debug|Any CPU
		{63120457-E7B1-4662-A5DE-776B7ACAB4D9}.Debug|Any CPU.Build.0 = Debug|Any CPU
		{63120457-E7B1-4662-A5DE-776B7ACAB4D9}.Release|Any CPU.ActiveCfg = Release|Any CPU
		{63120457-E7B1-4662-A5DE-776B7ACAB4D9}.Release|Any CPU.Build.0 = Release|Any CPU
		{DA3E89B1-BCEF-4910-91FC-FD87836E31D9}.Debug|Any CPU.ActiveCfg = Debug|Any CPU
		{DA3E89B1-BCEF-4910-91FC-FD87836E31D9}.Debug|Any CPU.Build.0 = Debug|Any CPU
		{DA3E89B1-BCEF-4910-91FC-FD87836E31D9}.Release|Any CPU.ActiveCfg = Release|Any CPU
		{DA3E89B1-BCEF-4910-91FC-FD87836E31D9}.Release|Any CPU.Build.0 = Release|Any CPU
		{97B370E5-06D8-4CB1-BC05-E0D75692591C}.Debug|Any CPU.ActiveCfg = Debug|Any CPU
		{97B370E5-06D8-4CB1-BC05-E0D75692591C}.Debug|Any CPU.Build.0 = Debug|Any CPU
		{97B370E5-06D8-4CB1-BC05-E0D75692591C}.Release|Any CPU.ActiveCfg = Release|Any CPU
		{97B370E5-06D8-4CB1-BC05-E0D75692591C}.Release|Any CPU.Build.0 = Release|Any CPU
		{285A455C-3657-4A62-889D-823F9BDC942D}.Debug|Any CPU.ActiveCfg = Debug|Any CPU
		{285A455C-3657-4A62-889D-823F9BDC942D}.Debug|Any CPU.Build.0 = Debug|Any CPU
		{285A455C-3657-4A62-889D-823F9BDC942D}.Release|Any CPU.ActiveCfg = Release|Any CPU
		{285A455C-3657-4A62-889D-823F9BDC942D}.Release|Any CPU.Build.0 = Release|Any CPU
		{721BE9B2-7EF0-4166-B44A-248ED428B799}.Debug|Any CPU.ActiveCfg = Debug|Any CPU
		{721BE9B2-7EF0-4166-B44A-248ED428B799}.Debug|Any CPU.Build.0 = Debug|Any CPU
		{721BE9B2-7EF0-4166-B44A-248ED428B799}.Release|Any CPU.ActiveCfg = Release|Any CPU
		{721BE9B2-7EF0-4166-B44A-248ED428B799}.Release|Any CPU.Build.0 = Release|Any CPU
		{7E3EF4FF-2B9B-4591-9FFF-D6556E471431}.Debug|Any CPU.ActiveCfg = Debug|Any CPU
		{7E3EF4FF-2B9B-4591-9FFF-D6556E471431}.Debug|Any CPU.Build.0 = Debug|Any CPU
		{7E3EF4FF-2B9B-4591-9FFF-D6556E471431}.Release|Any CPU.ActiveCfg = Release|Any CPU
		{7E3EF4FF-2B9B-4591-9FFF-D6556E471431}.Release|Any CPU.Build.0 = Release|Any CPU
		{E8543916-08AE-4543-8F8D-4E374A7E15FB}.Debug|Any CPU.ActiveCfg = Debug|Any CPU
		{E8543916-08AE-4543-8F8D-4E374A7E15FB}.Debug|Any CPU.Build.0 = Debug|Any CPU
		{E8543916-08AE-4543-8F8D-4E374A7E15FB}.Release|Any CPU.ActiveCfg = Release|Any CPU
		{E8543916-08AE-4543-8F8D-4E374A7E15FB}.Release|Any CPU.Build.0 = Release|Any CPU
		{71669864-48B0-433C-B157-3380DCE4F276}.Debug|Any CPU.ActiveCfg = Debug|Any CPU
		{71669864-48B0-433C-B157-3380DCE4F276}.Debug|Any CPU.Build.0 = Debug|Any CPU
		{71669864-48B0-433C-B157-3380DCE4F276}.Release|Any CPU.ActiveCfg = Release|Any CPU
		{71669864-48B0-433C-B157-3380DCE4F276}.Release|Any CPU.Build.0 = Release|Any CPU
		{F2609602-AC69-46D5-80A7-1BA49E2F1D6B}.Debug|Any CPU.ActiveCfg = Debug|Any CPU
		{F2609602-AC69-46D5-80A7-1BA49E2F1D6B}.Debug|Any CPU.Build.0 = Debug|Any CPU
		{F2609602-AC69-46D5-80A7-1BA49E2F1D6B}.Release|Any CPU.ActiveCfg = Release|Any CPU
		{F2609602-AC69-46D5-80A7-1BA49E2F1D6B}.Release|Any CPU.Build.0 = Release|Any CPU
		{7DB64E4D-1DB4-4ECB-A4BC-B27D6F0C1A9C}.Debug|Any CPU.ActiveCfg = Debug|Any CPU
		{7DB64E4D-1DB4-4ECB-A4BC-B27D6F0C1A9C}.Debug|Any CPU.Build.0 = Debug|Any CPU
		{7DB64E4D-1DB4-4ECB-A4BC-B27D6F0C1A9C}.Release|Any CPU.ActiveCfg = Release|Any CPU
		{7DB64E4D-1DB4-4ECB-A4BC-B27D6F0C1A9C}.Release|Any CPU.Build.0 = Release|Any CPU
		{ECA1A211-3D96-452C-B93F-1300EFA15E73}.Debug|Any CPU.ActiveCfg = Debug|Any CPU
		{ECA1A211-3D96-452C-B93F-1300EFA15E73}.Debug|Any CPU.Build.0 = Debug|Any CPU
		{ECA1A211-3D96-452C-B93F-1300EFA15E73}.Release|Any CPU.ActiveCfg = Release|Any CPU
		{ECA1A211-3D96-452C-B93F-1300EFA15E73}.Release|Any CPU.Build.0 = Release|Any CPU
		{562F0F56-B52E-430C-A386-46F29F2CD059}.Debug|Any CPU.ActiveCfg = Debug|Any CPU
		{562F0F56-B52E-430C-A386-46F29F2CD059}.Debug|Any CPU.Build.0 = Debug|Any CPU
		{562F0F56-B52E-430C-A386-46F29F2CD059}.Release|Any CPU.ActiveCfg = Release|Any CPU
		{562F0F56-B52E-430C-A386-46F29F2CD059}.Release|Any CPU.Build.0 = Release|Any CPU
		{88B37E63-C259-454A-9B5D-FBFB588A77C1}.Debug|Any CPU.ActiveCfg = Debug|Any CPU
		{88B37E63-C259-454A-9B5D-FBFB588A77C1}.Debug|Any CPU.Build.0 = Debug|Any CPU
		{88B37E63-C259-454A-9B5D-FBFB588A77C1}.Release|Any CPU.ActiveCfg = Release|Any CPU
		{88B37E63-C259-454A-9B5D-FBFB588A77C1}.Release|Any CPU.Build.0 = Release|Any CPU
		{4ED738A5-7A80-4D84-98F5-94520936A7B4}.Debug|Any CPU.ActiveCfg = Debug|Any CPU
		{4ED738A5-7A80-4D84-98F5-94520936A7B4}.Debug|Any CPU.Build.0 = Debug|Any CPU
		{4ED738A5-7A80-4D84-98F5-94520936A7B4}.Release|Any CPU.ActiveCfg = Release|Any CPU
		{4ED738A5-7A80-4D84-98F5-94520936A7B4}.Release|Any CPU.Build.0 = Release|Any CPU
		{51B98B0C-296F-4AD0-BD1C-AFDD119FC4DF}.Debug|Any CPU.ActiveCfg = Debug|Any CPU
		{51B98B0C-296F-4AD0-BD1C-AFDD119FC4DF}.Debug|Any CPU.Build.0 = Debug|Any CPU
		{51B98B0C-296F-4AD0-BD1C-AFDD119FC4DF}.Release|Any CPU.ActiveCfg = Release|Any CPU
		{51B98B0C-296F-4AD0-BD1C-AFDD119FC4DF}.Release|Any CPU.Build.0 = Release|Any CPU
	EndGlobalSection
	GlobalSection(SolutionProperties) = preSolution
		HideSolutionNode = FALSE
	EndGlobalSection
	GlobalSection(ExtensibilityGlobals) = postSolution
		SolutionGuid = {62C7EAE2-1923-4617-B6E2-700713AA3D9D}
	EndGlobalSection
EndGlobal
